
Microsoft Visual Studio Solution File, Format Version 12.00
# Visual Studio Version 17
VisualStudioVersion = 17.2.32516.85
MinimumVisualStudioVersion = 10.0.40219.1
Project("{9A19103F-16F7-4668-BE54-9A1E7A4F7556}") = "JwtHomework.DataAccess", "JwtHomework.DataAccess\JwtHomework.DataAccess.csproj", "{ABE69D43-6694-4029-80DE-A6B57A9C0875}"
EndProject
Project("{9A19103F-16F7-4668-BE54-9A1E7A4F7556}") = "JwtHomework.Entities", "JwtHomework.Entities\JwtHomework.Entities.csproj", "{83DF6F6A-CCCC-490E-AACA-AE8364B6A1B3}"
EndProject
Project("{9A19103F-16F7-4668-BE54-9A1E7A4F7556}") = "JwtHomework.Business", "JwtHomework.Business\JwtHomework.Business.csproj", "{BB698626-012E-4462-B282-2A733FB8E72D}"
EndProject
Project("{9A19103F-16F7-4668-BE54-9A1E7A4F7556}") = "JwtHomework.Base", "JwtHomework.Base\JwtHomework.Base.csproj", "{5ADF474A-94CF-42A5-AD98-F4C56B96CC4F}"
EndProject
Project("{9A19103F-16F7-4668-BE54-9A1E7A4F7556}") = "JwtHomework.Api", "JwtHomework.Api\JwtHomework.Api.csproj", "{57CC9440-9CF8-4804-BB14-A9FDAFA9F675}"
EndProject
Global
	GlobalSection(SolutionConfigurationPlatforms) = preSolution
		Debug|Any CPU = Debug|Any CPU
		Release|Any CPU = Release|Any CPU
	EndGlobalSection
	GlobalSection(ProjectConfigurationPlatforms) = postSolution
		{ABE69D43-6694-4029-80DE-A6B57A9C0875}.Debug|Any CPU.ActiveCfg = Debug|Any CPU
		{ABE69D43-6694-4029-80DE-A6B57A9C0875}.Debug|Any CPU.Build.0 = Debug|Any CPU
		{ABE69D43-6694-4029-80DE-A6B57A9C0875}.Release|Any CPU.ActiveCfg = Release|Any CPU
		{ABE69D43-6694-4029-80DE-A6B57A9C0875}.Release|Any CPU.Build.0 = Release|Any CPU
		{83DF6F6A-CCCC-490E-AACA-AE8364B6A1B3}.Debug|Any CPU.ActiveCfg = Debug|Any CPU
		{83DF6F6A-CCCC-490E-AACA-AE8364B6A1B3}.Debug|Any CPU.Build.0 = Debug|Any CPU
		{83DF6F6A-CCCC-490E-AACA-AE8364B6A1B3}.Release|Any CPU.ActiveCfg = Release|Any CPU
		{83DF6F6A-CCCC-490E-AACA-AE8364B6A1B3}.Release|Any CPU.Build.0 = Release|Any CPU
		{BB698626-012E-4462-B282-2A733FB8E72D}.Debug|Any CPU.ActiveCfg = Debug|Any CPU
		{BB698626-012E-4462-B282-2A733FB8E72D}.Debug|Any CPU.Build.0 = Debug|Any CPU
		{BB698626-012E-4462-B282-2A733FB8E72D}.Release|Any CPU.ActiveCfg = Release|Any CPU
		{BB698626-012E-4462-B282-2A733FB8E72D}.Release|Any CPU.Build.0 = Release|Any CPU
		{5ADF474A-94CF-42A5-AD98-F4C56B96CC4F}.Debug|Any CPU.ActiveCfg = Debug|Any CPU
		{5ADF474A-94CF-42A5-AD98-F4C56B96CC4F}.Debug|Any CPU.Build.0 = Debug|Any CPU
		{5ADF474A-94CF-42A5-AD98-F4C56B96CC4F}.Release|Any CPU.ActiveCfg = Release|Any CPU
		{5ADF474A-94CF-42A5-AD98-F4C56B96CC4F}.Release|Any CPU.Build.0 = Release|Any CPU
		{57CC9440-9CF8-4804-BB14-A9FDAFA9F675}.Debug|Any CPU.ActiveCfg = Debug|Any CPU
		{57CC9440-9CF8-4804-BB14-A9FDAFA9F675}.Debug|Any CPU.Build.0 = Debug|Any CPU
		{57CC9440-9CF8-4804-BB14-A9FDAFA9F675}.Release|Any CPU.ActiveCfg = Release|Any CPU
		{57CC9440-9CF8-4804-BB14-A9FDAFA9F675}.Release|Any CPU.Build.0 = Release|Any CPU
	EndGlobalSection
	GlobalSection(SolutionProperties) = preSolution
		HideSolutionNode = FALSE
	EndGlobalSection
	GlobalSection(ExtensibilityGlobals) = postSolution
		SolutionGuid = {B4E4D5D6-E41E-4569-82B9-F0229553B3FA}
	EndGlobalSection
EndGlobal
